
Microsoft Visual Studio Solution File, Format Version 12.00
# Visual Studio Version 17
VisualStudioVersion = 17.10.35122.118
MinimumVisualStudioVersion = 10.0.40219.1
Project("{54A90642-561A-4BB1-A94E-469ADEE60C69}") = "ResponsibleAIModerationTool", "ResponsibleAIModerationTool\ResponsibleAIModerationTool.esproj", "{D50CA954-C921-4B3A-B9C9-B96B6B0C301C}"
EndProject
Global
	GlobalSection(SolutionConfigurationPlatforms) = preSolution
		Debug|Any CPU = Debug|Any CPU
		Release|Any CPU = Release|Any CPU
	EndGlobalSection
	GlobalSection(ProjectConfigurationPlatforms) = postSolution
		{D50CA954-C921-4B3A-B9C9-B96B6B0C301C}.Debug|Any CPU.ActiveCfg = Debug|Any CPU
		{D50CA954-C921-4B3A-B9C9-B96B6B0C301C}.Debug|Any CPU.Build.0 = Debug|Any CPU
		{D50CA954-C921-4B3A-B9C9-B96B6B0C301C}.Debug|Any CPU.Deploy.0 = Debug|Any CPU
		{D50CA954-C921-4B3A-B9C9-B96B6B0C301C}.Release|Any CPU.ActiveCfg = Release|Any CPU
		{D50CA954-C921-4B3A-B9C9-B96B6B0C301C}.Release|Any CPU.Build.0 = Release|Any CPU
		{D50CA954-C921-4B3A-B9C9-B96B6B0C301C}.Release|Any CPU.Deploy.0 = Release|Any CPU
	EndGlobalSection
	GlobalSection(SolutionProperties) = preSolution
		HideSolutionNode = FALSE
	EndGlobalSection
	GlobalSection(ExtensibilityGlobals) = postSolution
		SolutionGuid = {AE43BC5E-BB3A-4175-9D7F-4AFF7A3E210F}
	EndGlobalSection
EndGlobal
